
Microsoft Visual Studio Solution File, Format Version 12.00
# Visual Studio Version 17
VisualStudioVersion = 17.5.33502.453
MinimumVisualStudioVersion = 10.0.40219.1
Project("{9A19103F-16F7-4668-BE54-9A1E7A4F7556}") = "Dumpify", "Dumpify\Dumpify.csproj", "{85801BC8-D38D-439A-9720-16D04394FF6A}"
EndProject
Project("{9A19103F-16F7-4668-BE54-9A1E7A4F7556}") = "Dumpify.Playground", "Dumpify.Playground\Dumpify.Playground.csproj", "{CBEEB99F-925F-48D6-87C1-039BBAA29EA5}"
EndProject
Project("{9A19103F-16F7-4668-BE54-9A1E7A4F7556}") = "Dumpify.Tests", "Dumpify.Tests\Dumpify.Tests.csproj", "{C2CFF1BC-CB73-4D7B-8F39-AAC11820B63C}"
EndProject
Project("{2150E333-8FDC-42A3-9474-1A3956D46DE8}") = "Solution Items", "Solution Items", "{7604ECBD-9087-4CD7-8114-C2DA2094DA22}"
	ProjectSection(SolutionItems) = preProject
		.editorconfig = .editorconfig
		..\Directory.Build.props = ..\Directory.Build.props
		..\Directory.Packages.props = ..\Directory.Packages.props
		..\LICENSE = ..\LICENSE
		..\README.md = ..\README.md
	EndProjectSection
EndProject
Global
	GlobalSection(SolutionConfigurationPlatforms) = preSolution
		Debug|Any CPU = Debug|Any CPU
		Release|Any CPU = Release|Any CPU
	EndGlobalSection
	GlobalSection(ProjectConfigurationPlatforms) = postSolution
		{85801BC8-D38D-439A-9720-16D04394FF6A}.Debug|Any CPU.ActiveCfg = Debug|Any CPU
		{85801BC8-D38D-439A-9720-16D04394FF6A}.Debug|Any CPU.Build.0 = Debug|Any CPU
		{85801BC8-D38D-439A-9720-16D04394FF6A}.Release|Any CPU.ActiveCfg = Release|Any CPU
		{85801BC8-D38D-439A-9720-16D04394FF6A}.Release|Any CPU.Build.0 = Release|Any CPU
		{CBEEB99F-925F-48D6-87C1-039BBAA29EA5}.Debug|Any CPU.ActiveCfg = Debug|Any CPU
		{CBEEB99F-925F-48D6-87C1-039BBAA29EA5}.Debug|Any CPU.Build.0 = Debug|Any CPU
		{CBEEB99F-925F-48D6-87C1-039BBAA29EA5}.Release|Any CPU.ActiveCfg = Release|Any CPU
		{CBEEB99F-925F-48D6-87C1-039BBAA29EA5}.Release|Any CPU.Build.0 = Release|Any CPU
		{C2CFF1BC-CB73-4D7B-8F39-AAC11820B63C}.Debug|Any CPU.ActiveCfg = Debug|Any CPU
		{C2CFF1BC-CB73-4D7B-8F39-AAC11820B63C}.Debug|Any CPU.Build.0 = Debug|Any CPU
		{C2CFF1BC-CB73-4D7B-8F39-AAC11820B63C}.Release|Any CPU.ActiveCfg = Release|Any CPU
		{C2CFF1BC-CB73-4D7B-8F39-AAC11820B63C}.Release|Any CPU.Build.0 = Release|Any CPU
	EndGlobalSection
	GlobalSection(SolutionProperties) = preSolution
		HideSolutionNode = FALSE
	EndGlobalSection
	GlobalSection(ExtensibilityGlobals) = postSolution
		SolutionGuid = {6401046C-8BC6-4AA3-B85F-3B9B316074EF}
	EndGlobalSection
EndGlobal
